
Microsoft Visual Studio Solution File, Format Version 12.00
# Visual Studio Version 17
VisualStudioVersion = 17.14.36518.9
MinimumVisualStudioVersion = 10.0.40219.1
Project("{2150E333-8FDC-42A3-9474-1A3956D46DE8}") = "Solution Items", "Solution Items", "{119D41DA-BD17-42D2-8AC7-806C3B68223D}"
	ProjectSection(SolutionItems) = preProject
		.editorconfig = .editorconfig
	EndProjectSection
EndProject
Project("{FAE04EC0-301F-11D3-BF4B-00C04F79EFBC}") = "Atlassian.Downloader.Core", "Atlassian.Downloader.Core\Atlassian.Downloader.Core.csproj", "{B83B9684-E5BF-CF27-8E53-A14CA330619B}"
EndProject
Project("{FAE04EC0-301F-11D3-BF4B-00C04F79EFBC}") = "atlassian-downloader", "Atlassian.Downloader.Console\atlassian-downloader.csproj", "{31C49AE0-52A2-3E49-F479-4E87A6566D5C}"
EndProject
Global
	GlobalSection(SolutionConfigurationPlatforms) = preSolution
		Debug|Any CPU = Debug|Any CPU
		Release|Any CPU = Release|Any CPU
	EndGlobalSection
	GlobalSection(ProjectConfigurationPlatforms) = postSolution
		{B83B9684-E5BF-CF27-8E53-A14CA330619B}.Debug|Any CPU.ActiveCfg = Debug|Any CPU
		{B83B9684-E5BF-CF27-8E53-A14CA330619B}.Debug|Any CPU.Build.0 = Debug|Any CPU
		{B83B9684-E5BF-CF27-8E53-A14CA330619B}.Release|Any CPU.ActiveCfg = Release|Any CPU
		{B83B9684-E5BF-CF27-8E53-A14CA330619B}.Release|Any CPU.Build.0 = Release|Any CPU
		{31C49AE0-52A2-3E49-F479-4E87A6566D5C}.Debug|Any CPU.ActiveCfg = Debug|Any CPU
		{31C49AE0-52A2-3E49-F479-4E87A6566D5C}.Debug|Any CPU.Build.0 = Debug|Any CPU
		{31C49AE0-52A2-3E49-F479-4E87A6566D5C}.Release|Any CPU.ActiveCfg = Release|Any CPU
		{31C49AE0-52A2-3E49-F479-4E87A6566D5C}.Release|Any CPU.Build.0 = Release|Any CPU
	EndGlobalSection
	GlobalSection(SolutionProperties) = preSolution
		HideSolutionNode = FALSE
	EndGlobalSection
	GlobalSection(ExtensibilityGlobals) = postSolution
		SolutionGuid = {6DE5A36D-883D-4DA1-9962-38FDD1EAD190}
	EndGlobalSection
EndGlobal
